
Microsoft Visual Studio Solution File, Format Version 12.00
# Visual Studio Version 17
VisualStudioVersion = 17.14.37628.2
MinimumVisualStudioVersion = 10.0.40219.1
Project("{FAE04EC0-301F-11D3-BF4B-00C04F79EFBC}") = "CustomerService", "CustomerService\CustomerService.csproj", "{AF4DE53C-8F40-4512-99FB-395D5424550A}"
EndProject
Project("{FAE04EC0-301F-11D3-BF4B-00C04F79EFBC}") = "IISHost", "IISHost\IISHost.csproj", "{E0E2C3C5-22B1-479B-9E12-94D2A7605499}"
EndProject
Global
	GlobalSection(SolutionConfigurationPlatforms) = preSolution
		Debug|Any CPU = Debug|Any CPU
		Release|Any CPU = Release|Any CPU
	EndGlobalSection
	GlobalSection(ProjectConfigurationPlatforms) = postSolution
		{AF4DE53C-8F40-4512-99FB-395D5424550A}.Debug|Any CPU.ActiveCfg = Debug|Any CPU
		{AF4DE53C-8F40-4512-99FB-395D5424550A}.Debug|Any CPU.Build.0 = Debug|Any CPU
		{AF4DE53C-8F40-4512-99FB-395D5424550A}.Release|Any CPU.ActiveCfg = Release|Any CPU
		{AF4DE53C-8F40-4512-99FB-395D5424550A}.Release|Any CPU.Build.0 = Release|Any CPU
		{E0E2C3C5-22B1-479B-9E12-94D2A7605499}.Debug|Any CPU.ActiveCfg = Debug|Any CPU
		{E0E2C3C5-22B1-479B-9E12-94D2A7605499}.Debug|Any CPU.Build.0 = Debug|Any CPU
		{E0E2C3C5-22B1-479B-9E12-94D2A7605499}.Release|Any CPU.ActiveCfg = Release|Any CPU
		{E0E2C3C5-22B1-479B-9E12-94D2A7605499}.Release|Any CPU.Build.0 = Release|Any CPU
	EndGlobalSection
	GlobalSection(SolutionProperties) = preSolution
		HideSolutionNode = FALSE
	EndGlobalSection
	GlobalSection(ExtensibilityGlobals) = postSolution
		SolutionGuid = {A488599D-5BB0-4272-8D8A-BC6538AACB38}
	EndGlobalSection
EndGlobal
